
Microsoft Visual Studio Solution File, Format Version 12.00
# Visual Studio Version 17
VisualStudioVersion = 17.2.32630.192
MinimumVisualStudioVersion = 10.0.40219.1
Project("{2150E333-8FDC-42A3-9474-1A3956D46DE8}") = "Services", "Services", "{4CDCEA41-CD66-4CDE-86B4-7CECA71EA5B2}"
EndProject
Project("{2150E333-8FDC-42A3-9474-1A3956D46DE8}") = "Catalog", "Catalog", "{C9072D38-4074-4087-9107-E0B4E1DBD849}"
EndProject
Project("{9A19103F-16F7-4668-BE54-9A1E7A4F7556}") = "Catalog.API", "Services\Catalog\Catalog.API\Catalog.API.csproj", "{52A6F85A-1EFB-4D86-BEAD-B7CE2CC8D609}"
EndProject
Project("{E53339B2-1760-4266-BCC7-CA923CBCF16C}") = "docker-compose", "docker-compose.dcproj", "{F4E7A344-8899-45FB-8E8B-CB7AD7928735}"
EndProject
Project("{2150E333-8FDC-42A3-9474-1A3956D46DE8}") = "Basket", "Basket", "{D2E128CE-C8EF-48E5-9914-51504E74E2D3}"
EndProject
Project("{9A19103F-16F7-4668-BE54-9A1E7A4F7556}") = "Basket.API", "Services\Basket\Basket.API\Basket.API.csproj", "{298BD25B-07D3-46DC-95A7-CB60B216675A}"
EndProject
Project("{2150E333-8FDC-42A3-9474-1A3956D46DE8}") = "User", "User", "{CBABC4AD-22BE-42A6-8690-950A9D81ADF9}"
EndProject
Project("{2150E333-8FDC-42A3-9474-1A3956D46DE8}") = "Discount", "Discount", "{F5FAF4DE-EF98-4422-899C-6987CCA6DF6D}"
EndProject
Project("{2150E333-8FDC-42A3-9474-1A3956D46DE8}") = "Shop", "Shop", "{D67BF121-7CFD-4EB8-9380-8633B2745E9C}"
EndProject
Project("{9A19103F-16F7-4668-BE54-9A1E7A4F7556}") = "Discount.API", "Services\Discount\Discount.API\Discount.API.csproj", "{7076657D-5CEF-46BE-BFB7-E37813F41B1F}"
EndProject
Project("{9A19103F-16F7-4668-BE54-9A1E7A4F7556}") = "Discount.Grpc", "Services\Discount\Discount.Grpc\Discount.Grpc.csproj", "{E55E48B0-1B6B-44B0-91AB-FC2C42E1AEF8}"
EndProject
Project("{2150E333-8FDC-42A3-9474-1A3956D46DE8}") = "Ordering", "Ordering", "{D4411293-DFBB-474F-8B5B-0FF2E4F3DF88}"
EndProject
Project("{9A19103F-16F7-4668-BE54-9A1E7A4F7556}") = "Ordering.API", "Services\Ordering\Ordering.API\Ordering.API.csproj", "{6789C5C6-1286-4C22-96EE-7F3152B67956}"
EndProject
Project("{9A19103F-16F7-4668-BE54-9A1E7A4F7556}") = "Ordering.Domain", "Services\Ordering\Ordering.Domain\Ordering.Domain.csproj", "{4648B2D8-8E46-423E-8227-F32D9ADB3553}"
EndProject
Project("{9A19103F-16F7-4668-BE54-9A1E7A4F7556}") = "Ordering.Application", "Services\Ordering\Ordering.Application\Ordering.Application.csproj", "{B337320C-EEF8-4FE3-A13A-89231DD07F0A}"
EndProject
Project("{9A19103F-16F7-4668-BE54-9A1E7A4F7556}") = "Ordering.Infrastructure", "Services\Ordering\Ordering.Infrastructure\Ordering.Infrastructure.csproj", "{A00B53A6-9AA7-4682-8F1B-ED1C3B01D437}"
EndProject
Project("{9A19103F-16F7-4668-BE54-9A1E7A4F7556}") = "User.API", "Services\User\User.API\User.API.csproj", "{108081A8-7DB1-4075-AD72-CB3D7FDEF9A5}"
EndProject
Project("{9A19103F-16F7-4668-BE54-9A1E7A4F7556}") = "User.Domain", "Services\User\User.Domain\User.Domain.csproj", "{B2F8C20E-B27A-4143-BFC1-4FC7E4439525}"
EndProject
Project("{9A19103F-16F7-4668-BE54-9A1E7A4F7556}") = "User.Infrastructure", "Services\User\User.Infrastructure\User.Infrastructure.csproj", "{810B5A16-8F07-4B75-B071-20F4CBE7F447}"
EndProject
Project("{2150E333-8FDC-42A3-9474-1A3956D46DE8}") = "BuildingBlocks", "BuildingBlocks", "{F4B1DFCA-A3EB-46EB-8067-660BEBD61E1F}"
EndProject
Project("{9A19103F-16F7-4668-BE54-9A1E7A4F7556}") = "EventBus.Messages", "BuildingBlocks\EventBus.Messages\EventBus.Messages.csproj", "{686D6EE5-F6B5-4F3F-ACD7-D6EC1280299D}"
EndProject
Project("{2150E333-8FDC-42A3-9474-1A3956D46DE8}") = "ApiGateways", "ApiGateways", "{3B3BE3F5-BA27-43A9-9BB7-D47DBB0A427D}"
EndProject
Project("{9A19103F-16F7-4668-BE54-9A1E7A4F7556}") = "Shop.API", "Services\Shop\Shop.API\Shop.API.csproj", "{25EDCF86-1F5B-44F7-955E-405E8050F5F2}"
EndProject
Project("{9A19103F-16F7-4668-BE54-9A1E7A4F7556}") = "ShopApiGateway", "ApiGateways\ShopApiGateway\ShopApiGateway.csproj", "{2DDF8560-652E-4B3B-B1D7-A5343D88D39F}"
EndProject
Project("{9A19103F-16F7-4668-BE54-9A1E7A4F7556}") = "Shopping.Aggregator", "ApiGateways\Shopping.Aggregator\Shopping.Aggregator.csproj", "{A3AD8778-F603-407D-A6FB-708F49EF588E}"
EndProject
Project("{9A19103F-16F7-4668-BE54-9A1E7A4F7556}") = "Common.Logging", "BuildingBlocks\Common.Logging\Common.Logging.csproj", "{3282418A-DB69-4A23-BFE0-4397B2F2BF29}"
EndProject
Project("{9A19103F-16F7-4668-BE54-9A1E7A4F7556}") = "AmpMailer", "Services\AmpMailer\AmpMailer.csproj", "{44274A2B-5605-4389-8358-1A3AB2573675}"
EndProject
Project("{9A19103F-16F7-4668-BE54-9A1E7A4F7556}") = "User.Application", "Services\User\User.Application\User.Application.csproj", "{F0FD2F3D-04C4-4424-8E2A-656095D63B58}"
EndProject
Project("{2150E333-8FDC-42A3-9474-1A3956D46DE8}") = "Payment", "Payment", "{D9F89E6D-5104-421D-8247-010344D73943}"
EndProject
Project("{2150E333-8FDC-42A3-9474-1A3956D46DE8}") = "Shipping", "Shipping", "{3E6047DF-619B-4D54-803E-07C9AD84A6F6}"
EndProject
Project("{9A19103F-16F7-4668-BE54-9A1E7A4F7556}") = "Payment.API", "Services\Payment\Payment.API\Payment.API.csproj", "{58A02AA1-9958-4100-BBDD-B0E60CB797F3}"
EndProject
Project("{9A19103F-16F7-4668-BE54-9A1E7A4F7556}") = "Payment.Grpc", "Services\Payment\Payment.Grpc\Payment.Grpc.csproj", "{04E31132-8316-42FD-9F45-8E7AB7A0F603}"
EndProject
Project("{9A19103F-16F7-4668-BE54-9A1E7A4F7556}") = "Shipping.API", "Services\Shipping\Shipping.API\Shipping.API.csproj", "{8260BEA2-D659-487B-80F3-0E92B07E86D4}"
EndProject
Project("{2150E333-8FDC-42A3-9474-1A3956D46DE8}") = "Chat", "Chat", "{B22CA872-22D0-496E-8FBD-5595592A8E07}"
EndProject
Project("{9A19103F-16F7-4668-BE54-9A1E7A4F7556}") = "Chats.API", "Services\Chat\Chats.API\Chats.API.csproj", "{7D167F31-C864-462A-9327-10FEA5007551}"
EndProject
Project("{2150E333-8FDC-42A3-9474-1A3956D46DE8}") = "Recommendation", "Recommendation", "{F886BB02-C3CD-4749-ACB2-CCAD8D8E2420}"
EndProject
Project("{FAE04EC0-301F-11D3-BF4B-00C04F79EFBC}") = "RecommendationAPI", "Services\RecommendationAPI\RecommendationAPI.csproj", "{75692013-6D25-40C7-9185-1E1753D08402}"
EndProject
Global
	GlobalSection(SolutionConfigurationPlatforms) = preSolution
		Debug|Any CPU = Debug|Any CPU
		Release|Any CPU = Release|Any CPU
	EndGlobalSection
	GlobalSection(ProjectConfigurationPlatforms) = postSolution
		{52A6F85A-1EFB-4D86-BEAD-B7CE2CC8D609}.Debug|Any CPU.ActiveCfg = Debug|Any CPU
		{52A6F85A-1EFB-4D86-BEAD-B7CE2CC8D609}.Debug|Any CPU.Build.0 = Debug|Any CPU
		{52A6F85A-1EFB-4D86-BEAD-B7CE2CC8D609}.Release|Any CPU.ActiveCfg = Release|Any CPU
		{52A6F85A-1EFB-4D86-BEAD-B7CE2CC8D609}.Release|Any CPU.Build.0 = Release|Any CPU
		{F4E7A344-8899-45FB-8E8B-CB7AD7928735}.Debug|Any CPU.ActiveCfg = Debug|Any CPU
		{F4E7A344-8899-45FB-8E8B-CB7AD7928735}.Debug|Any CPU.Build.0 = Debug|Any CPU
		{F4E7A344-8899-45FB-8E8B-CB7AD7928735}.Release|Any CPU.ActiveCfg = Release|Any CPU
		{F4E7A344-8899-45FB-8E8B-CB7AD7928735}.Release|Any CPU.Build.0 = Release|Any CPU
		{298BD25B-07D3-46DC-95A7-CB60B216675A}.Debug|Any CPU.ActiveCfg = Debug|Any CPU
		{298BD25B-07D3-46DC-95A7-CB60B216675A}.Debug|Any CPU.Build.0 = Debug|Any CPU
		{298BD25B-07D3-46DC-95A7-CB60B216675A}.Release|Any CPU.ActiveCfg = Release|Any CPU
		{298BD25B-07D3-46DC-95A7-CB60B216675A}.Release|Any CPU.Build.0 = Release|Any CPU
		{7076657D-5CEF-46BE-BFB7-E37813F41B1F}.Debug|Any CPU.ActiveCfg = Debug|Any CPU
		{7076657D-5CEF-46BE-BFB7-E37813F41B1F}.Debug|Any CPU.Build.0 = Debug|Any CPU
		{7076657D-5CEF-46BE-BFB7-E37813F41B1F}.Release|Any CPU.ActiveCfg = Release|Any CPU
		{7076657D-5CEF-46BE-BFB7-E37813F41B1F}.Release|Any CPU.Build.0 = Release|Any CPU
		{E55E48B0-1B6B-44B0-91AB-FC2C42E1AEF8}.Debug|Any CPU.ActiveCfg = Debug|Any CPU
		{E55E48B0-1B6B-44B0-91AB-FC2C42E1AEF8}.Debug|Any CPU.Build.0 = Debug|Any CPU
		{E55E48B0-1B6B-44B0-91AB-FC2C42E1AEF8}.Release|Any CPU.ActiveCfg = Release|Any CPU
		{E55E48B0-1B6B-44B0-91AB-FC2C42E1AEF8}.Release|Any CPU.Build.0 = Release|Any CPU
		{6789C5C6-1286-4C22-96EE-7F3152B67956}.Debug|Any CPU.ActiveCfg = Debug|Any CPU
		{6789C5C6-1286-4C22-96EE-7F3152B67956}.Debug|Any CPU.Build.0 = Debug|Any CPU
		{6789C5C6-1286-4C22-96EE-7F3152B67956}.Release|Any CPU.ActiveCfg = Release|Any CPU
		{6789C5C6-1286-4C22-96EE-7F3152B67956}.Release|Any CPU.Build.0 = Release|Any CPU
		{4648B2D8-8E46-423E-8227-F32D9ADB3553}.Debug|Any CPU.ActiveCfg = Debug|Any CPU
		{4648B2D8-8E46-423E-8227-F32D9ADB3553}.Debug|Any CPU.Build.0 = Debug|Any CPU
		{4648B2D8-8E46-423E-8227-F32D9ADB3553}.Release|Any CPU.ActiveCfg = Release|Any CPU
		{4648B2D8-8E46-423E-8227-F32D9ADB3553}.Release|Any CPU.Build.0 = Release|Any CPU
		{B337320C-EEF8-4FE3-A13A-89231DD07F0A}.Debug|Any CPU.ActiveCfg = Debug|Any CPU
		{B337320C-EEF8-4FE3-A13A-89231DD07F0A}.Debug|Any CPU.Build.0 = Debug|Any CPU
		{B337320C-EEF8-4FE3-A13A-89231DD07F0A}.Release|Any CPU.ActiveCfg = Release|Any CPU
		{B337320C-EEF8-4FE3-A13A-89231DD07F0A}.Release|Any CPU.Build.0 = Release|Any CPU
		{A00B53A6-9AA7-4682-8F1B-ED1C3B01D437}.Debug|Any CPU.ActiveCfg = Debug|Any CPU
		{A00B53A6-9AA7-4682-8F1B-ED1C3B01D437}.Debug|Any CPU.Build.0 = Debug|Any CPU
		{A00B53A6-9AA7-4682-8F1B-ED1C3B01D437}.Release|Any CPU.ActiveCfg = Release|Any CPU
		{A00B53A6-9AA7-4682-8F1B-ED1C3B01D437}.Release|Any CPU.Build.0 = Release|Any CPU
		{108081A8-7DB1-4075-AD72-CB3D7FDEF9A5}.Debug|Any CPU.ActiveCfg = Debug|Any CPU
		{108081A8-7DB1-4075-AD72-CB3D7FDEF9A5}.Debug|Any CPU.Build.0 = Debug|Any CPU
		{108081A8-7DB1-4075-AD72-CB3D7FDEF9A5}.Release|Any CPU.ActiveCfg = Release|Any CPU
		{108081A8-7DB1-4075-AD72-CB3D7FDEF9A5}.Release|Any CPU.Build.0 = Release|Any CPU
		{B2F8C20E-B27A-4143-BFC1-4FC7E4439525}.Debug|Any CPU.ActiveCfg = Debug|Any CPU
		{B2F8C20E-B27A-4143-BFC1-4FC7E4439525}.Debug|Any CPU.Build.0 = Debug|Any CPU
		{B2F8C20E-B27A-4143-BFC1-4FC7E4439525}.Release|Any CPU.ActiveCfg = Release|Any CPU
		{B2F8C20E-B27A-4143-BFC1-4FC7E4439525}.Release|Any CPU.Build.0 = Release|Any CPU
		{810B5A16-8F07-4B75-B071-20F4CBE7F447}.Debug|Any CPU.ActiveCfg = Debug|Any CPU
		{810B5A16-8F07-4B75-B071-20F4CBE7F447}.Debug|Any CPU.Build.0 = Debug|Any CPU
		{810B5A16-8F07-4B75-B071-20F4CBE7F447}.Release|Any CPU.ActiveCfg = Release|Any CPU
		{810B5A16-8F07-4B75-B071-20F4CBE7F447}.Release|Any CPU.Build.0 = Release|Any CPU
		{686D6EE5-F6B5-4F3F-ACD7-D6EC1280299D}.Debug|Any CPU.ActiveCfg = Debug|Any CPU
		{686D6EE5-F6B5-4F3F-ACD7-D6EC1280299D}.Debug|Any CPU.Build.0 = Debug|Any CPU
		{686D6EE5-F6B5-4F3F-ACD7-D6EC1280299D}.Release|Any CPU.ActiveCfg = Release|Any CPU
		{686D6EE5-F6B5-4F3F-ACD7-D6EC1280299D}.Release|Any CPU.Build.0 = Release|Any CPU
		{25EDCF86-1F5B-44F7-955E-405E8050F5F2}.Debug|Any CPU.ActiveCfg = Debug|Any CPU
		{25EDCF86-1F5B-44F7-955E-405E8050F5F2}.Debug|Any CPU.Build.0 = Debug|Any CPU
		{25EDCF86-1F5B-44F7-955E-405E8050F5F2}.Release|Any CPU.ActiveCfg = Release|Any CPU
		{25EDCF86-1F5B-44F7-955E-405E8050F5F2}.Release|Any CPU.Build.0 = Release|Any CPU
		{2DDF8560-652E-4B3B-B1D7-A5343D88D39F}.Debug|Any CPU.ActiveCfg = Debug|Any CPU
		{2DDF8560-652E-4B3B-B1D7-A5343D88D39F}.Debug|Any CPU.Build.0 = Debug|Any CPU
		{2DDF8560-652E-4B3B-B1D7-A5343D88D39F}.Release|Any CPU.ActiveCfg = Release|Any CPU
		{2DDF8560-652E-4B3B-B1D7-A5343D88D39F}.Release|Any CPU.Build.0 = Release|Any CPU
		{A3AD8778-F603-407D-A6FB-708F49EF588E}.Debug|Any CPU.ActiveCfg = Debug|Any CPU
		{A3AD8778-F603-407D-A6FB-708F49EF588E}.Debug|Any CPU.Build.0 = Debug|Any CPU
		{A3AD8778-F603-407D-A6FB-708F49EF588E}.Release|Any CPU.ActiveCfg = Release|Any CPU
		{A3AD8778-F603-407D-A6FB-708F49EF588E}.Release|Any CPU.Build.0 = Release|Any CPU
		{3282418A-DB69-4A23-BFE0-4397B2F2BF29}.Debug|Any CPU.ActiveCfg = Debug|Any CPU
		{3282418A-DB69-4A23-BFE0-4397B2F2BF29}.Debug|Any CPU.Build.0 = Debug|Any CPU
		{3282418A-DB69-4A23-BFE0-4397B2F2BF29}.Release|Any CPU.ActiveCfg = Release|Any CPU
		{3282418A-DB69-4A23-BFE0-4397B2F2BF29}.Release|Any CPU.Build.0 = Release|Any CPU
		{44274A2B-5605-4389-8358-1A3AB2573675}.Debug|Any CPU.ActiveCfg = Debug|Any CPU
		{44274A2B-5605-4389-8358-1A3AB2573675}.Debug|Any CPU.Build.0 = Debug|Any CPU
		{44274A2B-5605-4389-8358-1A3AB2573675}.Release|Any CPU.ActiveCfg = Release|Any CPU
		{44274A2B-5605-4389-8358-1A3AB2573675}.Release|Any CPU.Build.0 = Release|Any CPU
		{F0FD2F3D-04C4-4424-8E2A-656095D63B58}.Debug|Any CPU.ActiveCfg = Debug|Any CPU
		{F0FD2F3D-04C4-4424-8E2A-656095D63B58}.Debug|Any CPU.Build.0 = Debug|Any CPU
		{F0FD2F3D-04C4-4424-8E2A-656095D63B58}.Release|Any CPU.ActiveCfg = Release|Any CPU
		{F0FD2F3D-04C4-4424-8E2A-656095D63B58}.Release|Any CPU.Build.0 = Release|Any CPU
		{58A02AA1-9958-4100-BBDD-B0E60CB797F3}.Debug|Any CPU.ActiveCfg = Debug|Any CPU
		{58A02AA1-9958-4100-BBDD-B0E60CB797F3}.Debug|Any CPU.Build.0 = Debug|Any CPU
		{58A02AA1-9958-4100-BBDD-B0E60CB797F3}.Release|Any CPU.ActiveCfg = Release|Any CPU
		{58A02AA1-9958-4100-BBDD-B0E60CB797F3}.Release|Any CPU.Build.0 = Release|Any CPU
		{04E31132-8316-42FD-9F45-8E7AB7A0F603}.Debug|Any CPU.ActiveCfg = Debug|Any CPU
		{04E31132-8316-42FD-9F45-8E7AB7A0F603}.Debug|Any CPU.Build.0 = Debug|Any CPU
		{04E31132-8316-42FD-9F45-8E7AB7A0F603}.Release|Any CPU.ActiveCfg = Release|Any CPU
		{04E31132-8316-42FD-9F45-8E7AB7A0F603}.Release|Any CPU.Build.0 = Release|Any CPU
		{8260BEA2-D659-487B-80F3-0E92B07E86D4}.Debug|Any CPU.ActiveCfg = Debug|Any CPU
		{8260BEA2-D659-487B-80F3-0E92B07E86D4}.Debug|Any CPU.Build.0 = Debug|Any CPU
		{8260BEA2-D659-487B-80F3-0E92B07E86D4}.Release|Any CPU.ActiveCfg = Release|Any CPU
		{8260BEA2-D659-487B-80F3-0E92B07E86D4}.Release|Any CPU.Build.0 = Release|Any CPU
		{7D167F31-C864-462A-9327-10FEA5007551}.Debug|Any CPU.ActiveCfg = Debug|Any CPU
		{7D167F31-C864-462A-9327-10FEA5007551}.Debug|Any CPU.Build.0 = Debug|Any CPU
		{7D167F31-C864-462A-9327-10FEA5007551}.Release|Any CPU.ActiveCfg = Release|Any CPU
		{7D167F31-C864-462A-9327-10FEA5007551}.Release|Any CPU.Build.0 = Release|Any CPU
		{75692013-6D25-40C7-9185-1E1753D08402}.Debug|Any CPU.ActiveCfg = Debug|Any CPU
		{75692013-6D25-40C7-9185-1E1753D08402}.Debug|Any CPU.Build.0 = Debug|Any CPU
		{75692013-6D25-40C7-9185-1E1753D08402}.Release|Any CPU.ActiveCfg = Release|Any CPU
		{75692013-6D25-40C7-9185-1E1753D08402}.Release|Any CPU.Build.0 = Release|Any CPU
	EndGlobalSection
	GlobalSection(SolutionProperties) = preSolution
		HideSolutionNode = FALSE
	EndGlobalSection
	GlobalSection(NestedProjects) = preSolution
		{C9072D38-4074-4087-9107-E0B4E1DBD849} = {4CDCEA41-CD66-4CDE-86B4-7CECA71EA5B2}
		{52A6F85A-1EFB-4D86-BEAD-B7CE2CC8D609} = {C9072D38-4074-4087-9107-E0B4E1DBD849}
		{D2E128CE-C8EF-48E5-9914-51504E74E2D3} = {4CDCEA41-CD66-4CDE-86B4-7CECA71EA5B2}
		{298BD25B-07D3-46DC-95A7-CB60B216675A} = {D2E128CE-C8EF-48E5-9914-51504E74E2D3}
		{CBABC4AD-22BE-42A6-8690-950A9D81ADF9} = {4CDCEA41-CD66-4CDE-86B4-7CECA71EA5B2}
		{F5FAF4DE-EF98-4422-899C-6987CCA6DF6D} = {4CDCEA41-CD66-4CDE-86B4-7CECA71EA5B2}
		{D67BF121-7CFD-4EB8-9380-8633B2745E9C} = {4CDCEA41-CD66-4CDE-86B4-7CECA71EA5B2}
		{7076657D-5CEF-46BE-BFB7-E37813F41B1F} = {F5FAF4DE-EF98-4422-899C-6987CCA6DF6D}
		{E55E48B0-1B6B-44B0-91AB-FC2C42E1AEF8} = {F5FAF4DE-EF98-4422-899C-6987CCA6DF6D}
		{D4411293-DFBB-474F-8B5B-0FF2E4F3DF88} = {4CDCEA41-CD66-4CDE-86B4-7CECA71EA5B2}
		{6789C5C6-1286-4C22-96EE-7F3152B67956} = {D4411293-DFBB-474F-8B5B-0FF2E4F3DF88}
		{4648B2D8-8E46-423E-8227-F32D9ADB3553} = {D4411293-DFBB-474F-8B5B-0FF2E4F3DF88}
		{B337320C-EEF8-4FE3-A13A-89231DD07F0A} = {D4411293-DFBB-474F-8B5B-0FF2E4F3DF88}
		{A00B53A6-9AA7-4682-8F1B-ED1C3B01D437} = {D4411293-DFBB-474F-8B5B-0FF2E4F3DF88}
		{108081A8-7DB1-4075-AD72-CB3D7FDEF9A5} = {CBABC4AD-22BE-42A6-8690-950A9D81ADF9}
		{B2F8C20E-B27A-4143-BFC1-4FC7E4439525} = {CBABC4AD-22BE-42A6-8690-950A9D81ADF9}
		{810B5A16-8F07-4B75-B071-20F4CBE7F447} = {CBABC4AD-22BE-42A6-8690-950A9D81ADF9}
		{686D6EE5-F6B5-4F3F-ACD7-D6EC1280299D} = {F4B1DFCA-A3EB-46EB-8067-660BEBD61E1F}
		{25EDCF86-1F5B-44F7-955E-405E8050F5F2} = {D67BF121-7CFD-4EB8-9380-8633B2745E9C}
		{2DDF8560-652E-4B3B-B1D7-A5343D88D39F} = {3B3BE3F5-BA27-43A9-9BB7-D47DBB0A427D}
		{A3AD8778-F603-407D-A6FB-708F49EF588E} = {3B3BE3F5-BA27-43A9-9BB7-D47DBB0A427D}
		{3282418A-DB69-4A23-BFE0-4397B2F2BF29} = {F4B1DFCA-A3EB-46EB-8067-660BEBD61E1F}
		{44274A2B-5605-4389-8358-1A3AB2573675} = {4CDCEA41-CD66-4CDE-86B4-7CECA71EA5B2}
		{F0FD2F3D-04C4-4424-8E2A-656095D63B58} = {CBABC4AD-22BE-42A6-8690-950A9D81ADF9}
		{D9F89E6D-5104-421D-8247-010344D73943} = {4CDCEA41-CD66-4CDE-86B4-7CECA71EA5B2}
		{3E6047DF-619B-4D54-803E-07C9AD84A6F6} = {4CDCEA41-CD66-4CDE-86B4-7CECA71EA5B2}
		{58A02AA1-9958-4100-BBDD-B0E60CB797F3} = {D9F89E6D-5104-421D-8247-010344D73943}
		{04E31132-8316-42FD-9F45-8E7AB7A0F603} = {D9F89E6D-5104-421D-8247-010344D73943}
		{8260BEA2-D659-487B-80F3-0E92B07E86D4} = {3E6047DF-619B-4D54-803E-07C9AD84A6F6}
		{B22CA872-22D0-496E-8FBD-5595592A8E07} = {4CDCEA41-CD66-4CDE-86B4-7CECA71EA5B2}
		{7D167F31-C864-462A-9327-10FEA5007551} = {B22CA872-22D0-496E-8FBD-5595592A8E07}
		{F886BB02-C3CD-4749-ACB2-CCAD8D8E2420} = {4CDCEA41-CD66-4CDE-86B4-7CECA71EA5B2}
		{75692013-6D25-40C7-9185-1E1753D08402} = {F886BB02-C3CD-4749-ACB2-CCAD8D8E2420}
	EndGlobalSection
	GlobalSection(ExtensibilityGlobals) = postSolution
		SolutionGuid = {A873D7A6-0CC3-439F-AF86-65EA0417999F}
	EndGlobalSection
EndGlobal
