
Microsoft Visual Studio Solution File, Format Version 12.00
# Visual Studio Version 17
VisualStudioVersion = 17.2.32630.192
MinimumVisualStudioVersion = 10.0.40219.1
Project("{2150E333-8FDC-42A3-9474-1A3956D46DE8}") = "Services", "Services", "{4CDCEA41-CD66-4CDE-86B4-7CECA71EA5B2}"
EndProject
Project("{2150E333-8FDC-42A3-9474-1A3956D46DE8}") = "Catalog", "Catalog", "{C9072D38-4074-4087-9107-E0B4E1DBD849}"
EndProject
Project("{9A19103F-16F7-4668-BE54-9A1E7A4F7556}") = "Catalog.API", "Services\Catalog\Catalog.API\Catalog.API.csproj", "{52A6F85A-1EFB-4D86-BEAD-B7CE2CC8D609}"
EndProject
Project("{E53339B2-1760-4266-BCC7-CA923CBCF16C}") = "docker-compose", "docker-compose.dcproj", "{F4E7A344-8899-45FB-8E8B-CB7AD7928735}"
EndProject
Project("{2150E333-8FDC-42A3-9474-1A3956D46DE8}") = "Basket", "Basket", "{D2E128CE-C8EF-48E5-9914-51504E74E2D3}"
EndProject
Project("{9A19103F-16F7-4668-BE54-9A1E7A4F7556}") = "Basket.API", "Services\Basket\Basket.API\Basket.API.csproj", "{298BD25B-07D3-46DC-95A7-CB60B216675A}"
EndProject
Project("{2150E333-8FDC-42A3-9474-1A3956D46DE8}") = "User", "User", "{CBABC4AD-22BE-42A6-8690-950A9D81ADF9}"
EndProject
Project("{2150E333-8FDC-42A3-9474-1A3956D46DE8}") = "Discount", "Discount", "{F5FAF4DE-EF98-4422-899C-6987CCA6DF6D}"
EndProject
Project("{2150E333-8FDC-42A3-9474-1A3956D46DE8}") = "Shop", "Shop", "{D67BF121-7CFD-4EB8-9380-8633B2745E9C}"
EndProject
Project("{FAE04EC0-301F-11D3-BF4B-00C04F79EFBC}") = "Discount.API", "Services\Discount\Discount.API\Discount.API.csproj", "{7076657D-5CEF-46BE-BFB7-E37813F41B1F}"
EndProject
Global
	GlobalSection(SolutionConfigurationPlatforms) = preSolution
		Debug|Any CPU = Debug|Any CPU
		Release|Any CPU = Release|Any CPU
	EndGlobalSection
	GlobalSection(ProjectConfigurationPlatforms) = postSolution
		{52A6F85A-1EFB-4D86-BEAD-B7CE2CC8D609}.Debug|Any CPU.ActiveCfg = Debug|Any CPU
		{52A6F85A-1EFB-4D86-BEAD-B7CE2CC8D609}.Debug|Any CPU.Build.0 = Debug|Any CPU
		{52A6F85A-1EFB-4D86-BEAD-B7CE2CC8D609}.Release|Any CPU.ActiveCfg = Release|Any CPU
		{52A6F85A-1EFB-4D86-BEAD-B7CE2CC8D609}.Release|Any CPU.Build.0 = Release|Any CPU
		{F4E7A344-8899-45FB-8E8B-CB7AD7928735}.Debug|Any CPU.ActiveCfg = Debug|Any CPU
		{F4E7A344-8899-45FB-8E8B-CB7AD7928735}.Debug|Any CPU.Build.0 = Debug|Any CPU
		{F4E7A344-8899-45FB-8E8B-CB7AD7928735}.Release|Any CPU.ActiveCfg = Release|Any CPU
		{F4E7A344-8899-45FB-8E8B-CB7AD7928735}.Release|Any CPU.Build.0 = Release|Any CPU
		{298BD25B-07D3-46DC-95A7-CB60B216675A}.Debug|Any CPU.ActiveCfg = Debug|Any CPU
		{298BD25B-07D3-46DC-95A7-CB60B216675A}.Debug|Any CPU.Build.0 = Debug|Any CPU
		{298BD25B-07D3-46DC-95A7-CB60B216675A}.Release|Any CPU.ActiveCfg = Release|Any CPU
		{298BD25B-07D3-46DC-95A7-CB60B216675A}.Release|Any CPU.Build.0 = Release|Any CPU
		{7076657D-5CEF-46BE-BFB7-E37813F41B1F}.Debug|Any CPU.ActiveCfg = Debug|Any CPU
		{7076657D-5CEF-46BE-BFB7-E37813F41B1F}.Debug|Any CPU.Build.0 = Debug|Any CPU
		{7076657D-5CEF-46BE-BFB7-E37813F41B1F}.Release|Any CPU.ActiveCfg = Release|Any CPU
		{7076657D-5CEF-46BE-BFB7-E37813F41B1F}.Release|Any CPU.Build.0 = Release|Any CPU
	EndGlobalSection
	GlobalSection(SolutionProperties) = preSolution
		HideSolutionNode = FALSE
	EndGlobalSection
	GlobalSection(NestedProjects) = preSolution
		{C9072D38-4074-4087-9107-E0B4E1DBD849} = {4CDCEA41-CD66-4CDE-86B4-7CECA71EA5B2}
		{52A6F85A-1EFB-4D86-BEAD-B7CE2CC8D609} = {C9072D38-4074-4087-9107-E0B4E1DBD849}
		{D2E128CE-C8EF-48E5-9914-51504E74E2D3} = {4CDCEA41-CD66-4CDE-86B4-7CECA71EA5B2}
		{298BD25B-07D3-46DC-95A7-CB60B216675A} = {D2E128CE-C8EF-48E5-9914-51504E74E2D3}
		{CBABC4AD-22BE-42A6-8690-950A9D81ADF9} = {4CDCEA41-CD66-4CDE-86B4-7CECA71EA5B2}
		{F5FAF4DE-EF98-4422-899C-6987CCA6DF6D} = {4CDCEA41-CD66-4CDE-86B4-7CECA71EA5B2}
		{D67BF121-7CFD-4EB8-9380-8633B2745E9C} = {4CDCEA41-CD66-4CDE-86B4-7CECA71EA5B2}
		{7076657D-5CEF-46BE-BFB7-E37813F41B1F} = {F5FAF4DE-EF98-4422-899C-6987CCA6DF6D}
	EndGlobalSection
	GlobalSection(ExtensibilityGlobals) = postSolution
		SolutionGuid = {A873D7A6-0CC3-439F-AF86-65EA0417999F}
	EndGlobalSection
EndGlobal
